
Microsoft Visual Studio Solution File, Format Version 12.00
# Visual Studio Version 17
VisualStudioVersion = 17.5.33424.131
MinimumVisualStudioVersion = 10.0.40219.1
Project("{FAE04EC0-301F-11D3-BF4B-00C04F79EFBC}") = "Proiect_3", "Proiect_3.csproj", "{3835EC97-5FAF-4A4F-A09C-4FC4F1B757B7}"
EndProject
Global
	GlobalSection(SolutionConfigurationPlatforms) = preSolution
		Debug|Any CPU = Debug|Any CPU
		Release|Any CPU = Release|Any CPU
	EndGlobalSection
	GlobalSection(ProjectConfigurationPlatforms) = postSolution
		{3835EC97-5FAF-4A4F-A09C-4FC4F1B757B7}.Debug|Any CPU.ActiveCfg = Debug|Any CPU
		{3835EC97-5FAF-4A4F-A09C-4FC4F1B757B7}.Debug|Any CPU.Build.0 = Debug|Any CPU
		{3835EC97-5FAF-4A4F-A09C-4FC4F1B757B7}.Release|Any CPU.ActiveCfg = Release|Any CPU
		{3835EC97-5FAF-4A4F-A09C-4FC4F1B757B7}.Release|Any CPU.Build.0 = Release|Any CPU
	EndGlobalSection
	GlobalSection(SolutionProperties) = preSolution
		HideSolutionNode = FALSE
	EndGlobalSection
	GlobalSection(ExtensibilityGlobals) = postSolution
		SolutionGuid = {AC1B058D-BE3C-4ED4-B87F-1550869DE580}
	EndGlobalSection
EndGlobal
